{
  "version": "5",
  "redirects": {
    "https://esm.sh/@supabase/supabase-js@2": "https://esm.sh/@supabase/supabase-js@2.110.0"
  },
  "remote": {
    "https://deno.land/std@0.221.0/encoding/_util.ts": "beacef316c1255da9bc8e95afb1fa56ed69baef919c88dc06ae6cb7a6103d376",
    "https://deno.land/std@0.221.0/encoding/base64.ts": "8ccae67a1227b875340a8582ff707f37b131df435b07080d3bb58e07f5f97807",
    "https://deno.land/std@0.221.0/encoding/base64url.ts": "9cc46cf510436be63ac00ebf97a7de1993e603ca58e1853b344bf90d80ea9945",
    "https://deno.land/x/djwt@v3.0.2/algorithm.ts": "b1c6645f9dbd6e6c47c123a3b18c28b956f91c65ed17f5b6d5d968fc3750542b",
    "https://deno.land/x/djwt@v3.0.2/deps.ts": "a7954fe567f2097b4f6aca11d091b6df658e485a817ac4dee47257ed5c28fd6e",
    "https://deno.land/x/djwt@v3.0.2/mod.ts": "962d8f2c4d6a4db111f45d777b152356aec31ba7db0ca664601175a422629857",
    "https://deno.land/x/djwt@v3.0.2/signature.ts": "16238fbf558267c85dd6c0178045f006c8b914a7301db87149f3318326569272",
    "https://deno.land/x/djwt@v3.0.2/util.ts": "5cb264d2125c553678e11446bcfa0494025d120e3f59d0a3ab38f6800def697d",
    "https://esm.sh/@supabase/supabase-js@2.110.0": "b99c0ce7729f9de7797f836b93ab9ec94f1cfe079b4f937fa4144fe13525e979",
    "https://esm.sh/ethers@6.15.0": "528df6d88eaa868ae2c9f16433d51c46c539297076d76880498994767ce9625b"
  },
  "workspace": {
    "packageJson": {
      "dependencies": [
        "npm:@ai-sdk/openai@^3.0.72",
        "npm:@fal-ai/client@^1.8.0",
        "npm:@radix-ui/react-use-controllable-state@1.2.2",
        "npm:@shikijs/core@4.1.0",
        "npm:@shikijs/engine-javascript@4.1.0",
        "npm:@shikijs/engine-oniguruma@4.1.0",
        "npm:@streamdown/cjk@1.0.3",
        "npm:@streamdown/code@1.1.1",
        "npm:@streamdown/math@1.0.2",
        "npm:@streamdown/mermaid@1.0.2",
        "npm:@tailwindcss/postcss@4.3.0",
        "npm:@types/node@24",
        "npm:@types/react-dom@19.2.3",
        "npm:@types/react@19.2.15",
        "npm:@typescript/native-preview@7.0.0-dev.20260523.1",
        "npm:@upstash/redis@^1.38.0",
        "npm:@vercel/blob@2.5.0",
        "npm:@vercel/connect@0.2.2",
        "npm:ai@7.0.0-beta.178",
        "npm:class-variance-authority@0.7.1",
        "npm:clsx@2.1.1",
        "npm:cmdk@1.1.1",
        "npm:convex@^1.28.0",
        "npm:eve@0.15.1",
        "npm:lucide-react@1.16.0",
        "npm:microsandbox@~0.5.7",
        "npm:motion@12.40.0",
        "npm:nanoid@5.1.11",
        "npm:next@16.2.6",
        "npm:radix-ui@1.4.3",
        "npm:react-dom@19.2.6",
        "npm:react@19.2.6",
        "npm:shiki@4.1.0",
        "npm:streamdown@2.5.0",
        "npm:tailwind-merge@3.6.0",
        "npm:tailwindcss@4.3.0",
        "npm:use-stick-to-bottom@1.1.4",
        "npm:vitest@^4.1.0",
        "npm:yaml@^2.8.1",
        "npm:zod@4.4.3"
      ]
    },
    "members": {
      "packages/agent": {
        "packageJson": {
          "dependencies": [
            "npm:@wzrd/core@0.1.0"
          ]
        }
      },
      "packages/cli": {
        "packageJson": {
          "dependencies": [
            "npm:yaml@^2.8.1"
          ]
        }
      },
      "packages/core": {
        "packageJson": {
          "dependencies": [
            "npm:yaml@^2.8.1",
            "npm:zod@4.4.3"
          ]
        }
      },
      "packages/providers": {
        "packageJson": {
          "dependencies": [
            "npm:@upstash/redis@^1.38.0",
            "npm:@wzrd/core@0.1.0"
          ]
        }
      }
    }
  }
}
